{
  "name": "@scholarserver/logseq-helper",
  "version": "0.1.0",
  "lockfileVersion": 3,
  "requires": true,
  "packages": {
    "": {
      "name": "@scholarserver/logseq-helper",
      "version": "0.1.0",
      "dependencies": {
        "@scholarserver/controller-runtime": "file:../../../packages/controller-runtime",
        "transit-js": "0.8.874",
        "undici": "7.29.1"
      }
    },
    "node_modules/@scholarserver/controller-runtime": {
      "version": "0.1.0",
      "resolved": "file:../../../packages/controller-runtime"
    },
    "node_modules/transit-js": {
      "version": "0.8.874",
      "resolved": "https://registry.npmjs.org/transit-js/-/transit-js-0.8.874.tgz",
      "integrity": "sha512-IDJJGKRzUbJHmN0P15HBBa05nbKor3r2MmG6aSt0UxXIlJZZKcddTk67/U7WyAeW9Hv/VYI02IqLzolsC4sbPA==",
      "license": "Apache-2.0",
      "engines": {
        "node": ">= 0.10.0"
      }
    },
    "node_modules/undici": {
      "version": "7.29.1",
      "resolved": "https://registry.npmjs.org/undici/-/undici-7.29.1.tgz",
      "integrity": "sha512-RYONW2MeafgYlkVOKYKkA/Ag7BmXqgIWCa8t1m0JcxrQg9pI9lEqRhAOruOBCbAohOa/gkCF+iPi9hrgvTzu6Q==",
      "license": "MIT",
      "engines": {
        "node": ">=20.18.1"
      }
    }
  }
}
